
Microsoft Visual Studio Solution File, Format Version 12.00
# Visual Studio Version 17
VisualStudioVersion = 17.4.33213.308
MinimumVisualStudioVersion = 10.0.40219.1
Project("{FAE04EC0-301F-11D3-BF4B-00C04F79EFBC}") = "TestBank", "TestBank\TestBank.csproj", "{232FEF80-F643-4AA3-A3CA-835BBC94910B}"
EndProject
Global
	GlobalSection(SolutionConfigurationPlatforms) = preSolution
		Debug|Any CPU = Debug|Any CPU
		Release|Any CPU = Release|Any CPU
	EndGlobalSection
	GlobalSection(ProjectConfigurationPlatforms) = postSolution
		{232FEF80-F643-4AA3-A3CA-835BBC94910B}.Debug|Any CPU.ActiveCfg = Debug|Any CPU
		{232FEF80-F643-4AA3-A3CA-835BBC94910B}.Debug|Any CPU.Build.0 = Debug|Any CPU
		{232FEF80-F643-4AA3-A3CA-835BBC94910B}.Release|Any CPU.ActiveCfg = Release|Any CPU
		{232FEF80-F643-4AA3-A3CA-835BBC94910B}.Release|Any CPU.Build.0 = Release|Any CPU
	EndGlobalSection
	GlobalSection(SolutionProperties) = preSolution
		HideSolutionNode = FALSE
	EndGlobalSection
	GlobalSection(ExtensibilityGlobals) = postSolution
		SolutionGuid = {46A4FBB0-EE4B-46D5-8993-30D55FF66392}
	EndGlobalSection
EndGlobal
